
Microsoft Visual Studio Solution File, Format Version 12.00
# Visual Studio Version 17
VisualStudioVersion = 17.2.32526.322
MinimumVisualStudioVersion = 10.0.40219.1
Project("{FAE04EC0-301F-11D3-BF4B-00C04F79EFBC}") = "ClassWork2", "ClassWork2\ClassWork2.csproj", "{EA9ED1D6-1762-48CC-B622-0AD752C7C01F}"
EndProject
Global
	GlobalSection(SolutionConfigurationPlatforms) = preSolution
		Debug|Any CPU = Debug|Any CPU
		Release|Any CPU = Release|Any CPU
	EndGlobalSection
	GlobalSection(ProjectConfigurationPlatforms) = postSolution
		{EA9ED1D6-1762-48CC-B622-0AD752C7C01F}.Debug|Any CPU.ActiveCfg = Debug|Any CPU
		{EA9ED1D6-1762-48CC-B622-0AD752C7C01F}.Debug|Any CPU.Build.0 = Debug|Any CPU
		{EA9ED1D6-1762-48CC-B622-0AD752C7C01F}.Release|Any CPU.ActiveCfg = Release|Any CPU
		{EA9ED1D6-1762-48CC-B622-0AD752C7C01F}.Release|Any CPU.Build.0 = Release|Any CPU
	EndGlobalSection
	GlobalSection(SolutionProperties) = preSolution
		HideSolutionNode = FALSE
	EndGlobalSection
	GlobalSection(ExtensibilityGlobals) = postSolution
		SolutionGuid = {8F66ED01-CCCE-425B-88F9-25457469727A}
	EndGlobalSection
EndGlobal
